
Microsoft Visual Studio Solution File, Format Version 12.00
# Visual Studio Version 16
VisualStudioVersion = 25.0.1704.0
MinimumVisualStudioVersion = 10.0.40219.1
Project("{FAE04EC0-301F-11D3-BF4B-00C04F79EFBC}") = "DS_and_Algo_5", "DS_and_Algo_5\DS_and_Algo_5.csproj", "{A8417F4D-9AC8-4604-9B82-29EF1F39D3A1}"
EndProject
Project("{FAE04EC0-301F-11D3-BF4B-00C04F79EFBC}") = "DS_and_Algo_5_Homework", "DS_and_Algo_5_Homework\DS_and_Algo_5_Homework.csproj", "{F7D65C77-94EE-40D2-B56E-9C0494C47B63}"
EndProject
Global
	GlobalSection(SolutionConfigurationPlatforms) = preSolution
		Debug|Any CPU = Debug|Any CPU
		Release|Any CPU = Release|Any CPU
	EndGlobalSection
	GlobalSection(ProjectConfigurationPlatforms) = postSolution
		{A8417F4D-9AC8-4604-9B82-29EF1F39D3A1}.Debug|Any CPU.ActiveCfg = Debug|Any CPU
		{A8417F4D-9AC8-4604-9B82-29EF1F39D3A1}.Debug|Any CPU.Build.0 = Debug|Any CPU
		{A8417F4D-9AC8-4604-9B82-29EF1F39D3A1}.Release|Any CPU.ActiveCfg = Release|Any CPU
		{A8417F4D-9AC8-4604-9B82-29EF1F39D3A1}.Release|Any CPU.Build.0 = Release|Any CPU
		{F7D65C77-94EE-40D2-B56E-9C0494C47B63}.Debug|Any CPU.ActiveCfg = Debug|Any CPU
		{F7D65C77-94EE-40D2-B56E-9C0494C47B63}.Debug|Any CPU.Build.0 = Debug|Any CPU
		{F7D65C77-94EE-40D2-B56E-9C0494C47B63}.Release|Any CPU.ActiveCfg = Release|Any CPU
		{F7D65C77-94EE-40D2-B56E-9C0494C47B63}.Release|Any CPU.Build.0 = Release|Any CPU
	EndGlobalSection
	GlobalSection(SolutionProperties) = preSolution
		HideSolutionNode = FALSE
	EndGlobalSection
	GlobalSection(ExtensibilityGlobals) = postSolution
		SolutionGuid = {021735B8-822E-45DE-9EBD-5EB3DF1E2EBF}
	EndGlobalSection
EndGlobal
