
Microsoft Visual Studio Solution File, Format Version 12.00
# Visual Studio Version 16
VisualStudioVersion = 25.0.1704.0
MinimumVisualStudioVersion = 10.0.40219.1
Project("{FAE04EC0-301F-11D3-BF4B-00C04F79EFBC}") = "DS_and_Algo_3_Homework", "DS_and_Algo_3_Homework\DS_and_Algo_3_Homework.csproj", "{8FE1C907-0E5F-4607-93BF-19470FE9FD65}"
EndProject
Project("{FAE04EC0-301F-11D3-BF4B-00C04F79EFBC}") = "DS_and_Algo_3_Homework_1", "Homework_1\DS_and_Algo_3_Homework_1.csproj", "{C94B0342-79F8-4136-B3BD-C5D57B9B4B5B}"
EndProject
Global
	GlobalSection(SolutionConfigurationPlatforms) = preSolution
		Debug|Any CPU = Debug|Any CPU
		Release|Any CPU = Release|Any CPU
	EndGlobalSection
	GlobalSection(ProjectConfigurationPlatforms) = postSolution
		{8FE1C907-0E5F-4607-93BF-19470FE9FD65}.Debug|Any CPU.ActiveCfg = Debug|Any CPU
		{8FE1C907-0E5F-4607-93BF-19470FE9FD65}.Debug|Any CPU.Build.0 = Debug|Any CPU
		{8FE1C907-0E5F-4607-93BF-19470FE9FD65}.Release|Any CPU.ActiveCfg = Release|Any CPU
		{8FE1C907-0E5F-4607-93BF-19470FE9FD65}.Release|Any CPU.Build.0 = Release|Any CPU
		{C94B0342-79F8-4136-B3BD-C5D57B9B4B5B}.Debug|Any CPU.ActiveCfg = Debug|Any CPU
		{C94B0342-79F8-4136-B3BD-C5D57B9B4B5B}.Debug|Any CPU.Build.0 = Debug|Any CPU
		{C94B0342-79F8-4136-B3BD-C5D57B9B4B5B}.Release|Any CPU.ActiveCfg = Release|Any CPU
		{C94B0342-79F8-4136-B3BD-C5D57B9B4B5B}.Release|Any CPU.Build.0 = Release|Any CPU
	EndGlobalSection
	GlobalSection(SolutionProperties) = preSolution
		HideSolutionNode = FALSE
	EndGlobalSection
	GlobalSection(ExtensibilityGlobals) = postSolution
		SolutionGuid = {5B8F9BC9-AA77-4C0D-820E-1EDEE82EB110}
	EndGlobalSection
EndGlobal
