
Microsoft Visual Studio Solution File, Format Version 12.00
# Visual Studio Version 16
VisualStudioVersion = 25.0.1704.0
MinimumVisualStudioVersion = 10.0.40219.1
Project("{FAE04EC0-301F-11D3-BF4B-00C04F79EFBC}") = "DS_and_Algo_7_Homework", "DS_and_Algo_7_Homework.csproj", "{7E1604BF-1A93-42CA-84F8-612DDE20223B}"
EndProject
Global
	GlobalSection(SolutionConfigurationPlatforms) = preSolution
		Debug|Any CPU = Debug|Any CPU
		Release|Any CPU = Release|Any CPU
	EndGlobalSection
	GlobalSection(ProjectConfigurationPlatforms) = postSolution
		{7E1604BF-1A93-42CA-84F8-612DDE20223B}.Debug|Any CPU.ActiveCfg = Debug|Any CPU
		{7E1604BF-1A93-42CA-84F8-612DDE20223B}.Debug|Any CPU.Build.0 = Debug|Any CPU
		{7E1604BF-1A93-42CA-84F8-612DDE20223B}.Release|Any CPU.ActiveCfg = Release|Any CPU
		{7E1604BF-1A93-42CA-84F8-612DDE20223B}.Release|Any CPU.Build.0 = Release|Any CPU
	EndGlobalSection
	GlobalSection(SolutionProperties) = preSolution
		HideSolutionNode = FALSE
	EndGlobalSection
	GlobalSection(ExtensibilityGlobals) = postSolution
		SolutionGuid = {5D8507B4-47CE-4C3F-972B-2494858F36B0}
	EndGlobalSection
EndGlobal
